{
  "name": "atv",
  "lockfileVersion": 3,
  "requires": true,
  "packages": {
    "": {
      "dependencies": {
        "react-native-confetti-cannon": "^1.5.2"
      }
    },
    "node_modules/react-native-confetti-cannon": {
      "version": "1.5.2",
      "resolved": "https://registry.npmjs.org/react-native-confetti-cannon/-/react-native-confetti-cannon-1.5.2.tgz",
      "integrity": "sha512-IZuWjlW7QsdxEGNnvpD6W+7iKCCQhnd5BvuNvMtirU7Nxm8WS2N6LPGMBz1ZYDuusG+GRZkoXXTNCdoAAGpCTg==",
      "license": "MIT"
    }
  }
}
